{
  "name": "toronto-shelter-map",
  "version": "1.0.0",
  "lockfileVersion": 1,
  "requires": true,
  "dependencies": {
    "fuzzysearch-js": {
      "version": "0.2.0",
      "resolved": "https://registry.npmjs.org/fuzzysearch-js/-/fuzzysearch-js-0.2.0.tgz",
      "integrity": "sha1-z7B19RMtZqZMMSLL+EfNpQ9Togk=",
      "requires": {
        "levenshtein": "1.0.5",
        "prime": "0.3.2"
      },
      "dependencies": {
        "prime": {
          "version": "0.3.2",
          "resolved": "https://registry.npmjs.org/prime/-/prime-0.3.2.tgz",
          "integrity": "sha1-fcff5v6Onoj4RrzOmJibfuoMcqo="
        }
      }
    },
    "levenshtein": {
      "version": "1.0.5",
      "resolved": "https://registry.npmjs.org/levenshtein/-/levenshtein-1.0.5.tgz",
      "integrity": "sha1-ORFzepy1baNF0Aj1V4LG8TiXm6M="
    },
    "mout": {
      "version": "0.11.1",
      "resolved": "https://registry.npmjs.org/mout/-/mout-0.11.1.tgz",
      "integrity": "sha1-ujYR318OWx/7/QEWa48C0fX6K5k="
    },
    "prime": {
      "version": "0.5.0",
      "resolved": "https://registry.npmjs.org/prime/-/prime-0.5.0.tgz",
      "integrity": "sha1-SjFJTqKJBA6Qdq4xEEsisJx1nKs=",
      "requires": {
        "mout": "0.11.1"
      }
    }
  }
}
